{
  "requires": true,
  "lockfileVersion": 1,
  "dependencies": {
    "@cometchat-pro/chat": {
      "version": "2.0.6",
      "resolved": "https://registry.npmjs.org/@cometchat-pro/chat/-/chat-2.0.6.tgz",
      "integrity": "sha512-J7Tq8e7C2bwP+XW6XXoYQ7Jx3MLON9eR58RUDcK5Zj+0OsVDgsbD9+SGPylUtAlgWShXBPAC19XqfC8xtOtkdw=="
    }
  }
}
